PODS:
  - GoogleMaps (8.0.0):
    - GoogleMaps/Maps (= 8.0.0)
  - GoogleMaps/Base (8.0.0)
  - GoogleMaps/Maps (8.0.0):
    - GoogleMaps/Base

DEPENDENCIES:
  - GoogleMaps

SPEC REPOS:
  trunk:
    - GoogleMaps

SPEC CHECKSUMS:
  GoogleMaps: 0dce473ab18742d0f327887853630927cbee9127

PODFILE CHECKSUM: 691f775521fdfaa5c9d844c6a344c7e2f4e857c6

COCOAPODS: 1.12.1
